
Microsoft Visual Studio Solution File, Format Version 11.00
# Visual C# Express 2010
Project("{FAE04EC0-301F-11D3-BF4B-00C04F79EFBC}") = "GBCOMP", "GBCOMP\GBCOMP.csproj", "{A3D819A0-CE13-4FF0-899C-2D8BA1DC3109}"
EndProject
Project("{FAE04EC0-301F-11D3-BF4B-00C04F79EFBC}") = "GBPalette", "GBPalette\GBPalette.csproj", "{E35C123C-601F-4B1B-9E80-858E14DF9AA1}"
EndProject
Project("{FAE04EC0-301F-11D3-BF4B-00C04F79EFBC}") = "GBTile", "GBTile\GBTile.csproj", "{144B0760-8612-4695-BE59-3547CE449BCA}"
EndProject
Project("{FAE04EC0-301F-11D3-BF4B-00C04F79EFBC}") = "GBTD", "GBTD\GBTD.csproj", "{4E947E18-F9EA-44AB-A70D-F45A620DEEB5}"
EndProject
Global
	GlobalSection(SolutionConfigurationPlatforms) = preSolution
		Debug|Any CPU = Debug|Any CPU
		Debug|Mixed Platforms = Debug|Mixed Platforms
		Debug|x86 = Debug|x86
		Release|Any CPU = Release|Any CPU
		Release|Mixed Platforms = Release|Mixed Platforms
		Release|x86 = Release|x86
	EndGlobalSection
	GlobalSection(ProjectConfigurationPlatforms) = postSolution
		{A3D819A0-CE13-4FF0-899C-2D8BA1DC3109}.Debug|Any CPU.ActiveCfg = Debug|x86
		{A3D819A0-CE13-4FF0-899C-2D8BA1DC3109}.Debug|Mixed Platforms.ActiveCfg = Debug|x86
		{A3D819A0-CE13-4FF0-899C-2D8BA1DC3109}.Debug|Mixed Platforms.Build.0 = Debug|x86
		{A3D819A0-CE13-4FF0-899C-2D8BA1DC3109}.Debug|x86.ActiveCfg = Debug|x86
		{A3D819A0-CE13-4FF0-899C-2D8BA1DC3109}.Debug|x86.Build.0 = Debug|x86
		{A3D819A0-CE13-4FF0-899C-2D8BA1DC3109}.Release|Any CPU.ActiveCfg = Release|x86
		{A3D819A0-CE13-4FF0-899C-2D8BA1DC3109}.Release|Mixed Platforms.ActiveCfg = Release|x86
		{A3D819A0-CE13-4FF0-899C-2D8BA1DC3109}.Release|Mixed Platforms.Build.0 = Release|x86
		{A3D819A0-CE13-4FF0-899C-2D8BA1DC3109}.Release|x86.ActiveCfg = Release|x86
		{A3D819A0-CE13-4FF0-899C-2D8BA1DC3109}.Release|x86.Build.0 = Release|x86
		{E35C123C-601F-4B1B-9E80-858E14DF9AA1}.Debug|Any CPU.ActiveCfg = Debug|Any CPU
		{E35C123C-601F-4B1B-9E80-858E14DF9AA1}.Debug|Any CPU.Build.0 = Debug|Any CPU
		{E35C123C-601F-4B1B-9E80-858E14DF9AA1}.Debug|Mixed Platforms.ActiveCfg = Debug|Any CPU
		{E35C123C-601F-4B1B-9E80-858E14DF9AA1}.Debug|Mixed Platforms.Build.0 = Debug|Any CPU
		{E35C123C-601F-4B1B-9E80-858E14DF9AA1}.Debug|x86.ActiveCfg = Debug|Any CPU
		{E35C123C-601F-4B1B-9E80-858E14DF9AA1}.Release|Any CPU.ActiveCfg = Release|Any CPU
		{E35C123C-601F-4B1B-9E80-858E14DF9AA1}.Release|Any CPU.Build.0 = Release|Any CPU
		{E35C123C-601F-4B1B-9E80-858E14DF9AA1}.Release|Mixed Platforms.ActiveCfg = Release|Any CPU
		{E35C123C-601F-4B1B-9E80-858E14DF9AA1}.Release|Mixed Platforms.Build.0 = Release|Any CPU
		{E35C123C-601F-4B1B-9E80-858E14DF9AA1}.Release|x86.ActiveCfg = Release|Any CPU
		{144B0760-8612-4695-BE59-3547CE449BCA}.Debug|Any CPU.ActiveCfg = Debug|Any CPU
		{144B0760-8612-4695-BE59-3547CE449BCA}.Debug|Any CPU.Build.0 = Debug|Any CPU
		{144B0760-8612-4695-BE59-3547CE449BCA}.Debug|Mixed Platforms.ActiveCfg = Debug|Any CPU
		{144B0760-8612-4695-BE59-3547CE449BCA}.Debug|Mixed Platforms.Build.0 = Debug|Any CPU
		{144B0760-8612-4695-BE59-3547CE449BCA}.Debug|x86.ActiveCfg = Debug|Any CPU
		{144B0760-8612-4695-BE59-3547CE449BCA}.Release|Any CPU.ActiveCfg = Release|Any CPU
		{144B0760-8612-4695-BE59-3547CE449BCA}.Release|Any CPU.Build.0 = Release|Any CPU
		{144B0760-8612-4695-BE59-3547CE449BCA}.Release|Mixed Platforms.ActiveCfg = Release|Any CPU
		{144B0760-8612-4695-BE59-3547CE449BCA}.Release|Mixed Platforms.Build.0 = Release|Any CPU
		{144B0760-8612-4695-BE59-3547CE449BCA}.Release|x86.ActiveCfg = Release|Any CPU
		{4E947E18-F9EA-44AB-A70D-F45A620DEEB5}.Debug|Any CPU.ActiveCfg = Debug|x86
		{4E947E18-F9EA-44AB-A70D-F45A620DEEB5}.Debug|Mixed Platforms.ActiveCfg = Debug|x86
		{4E947E18-F9EA-44AB-A70D-F45A620DEEB5}.Debug|Mixed Platforms.Build.0 = Debug|x86
		{4E947E18-F9EA-44AB-A70D-F45A620DEEB5}.Debug|x86.ActiveCfg = Debug|x86
		{4E947E18-F9EA-44AB-A70D-F45A620DEEB5}.Debug|x86.Build.0 = Debug|x86
		{4E947E18-F9EA-44AB-A70D-F45A620DEEB5}.Release|Any CPU.ActiveCfg = Release|x86
		{4E947E18-F9EA-44AB-A70D-F45A620DEEB5}.Release|Mixed Platforms.ActiveCfg = Release|x86
		{4E947E18-F9EA-44AB-A70D-F45A620DEEB5}.Release|Mixed Platforms.Build.0 = Release|x86
		{4E947E18-F9EA-44AB-A70D-F45A620DEEB5}.Release|x86.ActiveCfg = Release|x86
		{4E947E18-F9EA-44AB-A70D-F45A620DEEB5}.Release|x86.Build.0 = Release|x86
	EndGlobalSection
	GlobalSection(SolutionProperties) = preSolution
		HideSolutionNode = FALSE
	EndGlobalSection
EndGlobal
